{
  "name": "@deep-foundation/chatgpt-azure",
  "version": "0.0.6",
  "lockfileVersion": 3,
  "requires": true,
  "packages": {
    "": {
      "name": "@deep-foundation/chatgpt-azure",
      "version": "0.0.6",
      "dependencies": {
        "@deep-foundation/chatgpt-tokens-gpt-4-encoder": "^0.0.2",
        "@deep-foundation/core": "^0.0.2",
        "@deep-foundation/messaging": "~1.0.1",
        "@deep-foundation/openai": "~1.0.2",
        "@deep-foundation/tokens": "^0.0.11",
        "@freephoenix888/dependency": "^0.0.1"
      }
    },
    "node_modules/@deep-foundation/chatgpt-tokens-gpt-4-encoder": {
      "version": "0.0.2",
      "resolved": "https://registry.npmjs.org/@deep-foundation/chatgpt-tokens-gpt-4-encoder/-/chatgpt-tokens-gpt-4-encoder-0.0.2.tgz",
      "integrity": "sha512-E75QvAySE7Xu4+pG/3lutJrXWDC6y2mwWCS+RH1s+zSH8xJKS4tZd87egc+hFml19Y8xxG0CSGpBTi6z7B4lXw==",
      "dependencies": {
        "@deep-foundation/core": "^0.0.2",
        "@deep-foundation/messaging": "~1.0.1",
        "@deep-foundation/tokens": "^0.0.11",
        "@freephoenix888/dependency": "^0.0.1",
        "@konard/python-docker-isolation-provider": "^0.0.2"
      }
    },
    "node_modules/@deep-foundation/core": {
      "version": "0.0.2",
      "resolved": "https://registry.npmjs.org/@deep-foundation/core/-/core-0.0.2.tgz",
      "integrity": "sha512-fj6lUy8YB5NtlLdYnht0Knxb6w7Zpye+AEZLBsBzeb27HXGy2mFw2MNSuW76LiptWTIvChPjhOj3Mh6cHQHNEg=="
    },
    "node_modules/@deep-foundation/messaging": {
      "version": "1.0.1",
      "resolved": "https://registry.npmjs.org/@deep-foundation/messaging/-/messaging-1.0.1.tgz",
      "integrity": "sha512-wsR6ub6AQs3Kji7Ehfkqng7Qe7csRHvcwF5VbtTf0ijMdyNQWJ1LZsFub3VOHDbvQ4tl50YiTRket4kFsuJaig==",
      "dependencies": {
        "@deep-foundation/core": "^0.0.2"
      }
    },
    "node_modules/@deep-foundation/openai": {
      "version": "1.0.2",
      "resolved": "https://registry.npmjs.org/@deep-foundation/openai/-/openai-1.0.2.tgz",
      "integrity": "sha512-f4ZfnWYQMiqM8pImEHwpC4uZphbKik4zxOjNm9MHEdGXhTPSlpzlHBTvrtEbgXJsKqSsKgIwKvut75WDSpOV+g==",
      "dependencies": {
        "@deep-foundation/core": "^0.0.2"
      }
    },
    "node_modules/@deep-foundation/tokens": {
      "version": "0.0.11",
      "resolved": "https://registry.npmjs.org/@deep-foundation/tokens/-/tokens-0.0.11.tgz",
      "integrity": "sha512-eDTzBrD6279Y/u8OHtNLWfYcwwZb9wp8cE8AOS764OKxXz+LYaDQAV0Ptp1eMezUD4Odex+AIPOv/Xz0Gc9PcQ==",
      "dependencies": {
        "@deep-foundation/core": "^0.0.2"
      }
    },
    "node_modules/@freephoenix888/dependency": {
      "version": "0.0.1",
      "resolved": "https://registry.npmjs.org/@freephoenix888/dependency/-/dependency-0.0.1.tgz",
      "integrity": "sha512-FycvgMzDfSBt357oo5bOMCxabB+5TWa/+i205yq4p63TesgJLuhoXCFNcWNe01TGC8lE3PL/oNEQ6/aHya9tiA==",
      "dependencies": {
        "@deep-foundation/core": "^0.0.2"
      }
    },
    "node_modules/@konard/python-docker-isolation-provider": {
      "version": "0.0.2",
      "resolved": "https://registry.npmjs.org/@konard/python-docker-isolation-provider/-/python-docker-isolation-provider-0.0.2.tgz",
      "integrity": "sha512-IRaNUUrkRefdL+Dp/1bcmp00oiWG3Hh2o/LpcyEMJYxkQ/1PsNAWW62XLiU/uTdpHEHkFMRKZ9CIUQl3WdrExw==",
      "dependencies": {
        "@deep-foundation/core": "^0.0.2"
      }
    }
  }
}
